
Microsoft Visual Studio Solution File, Format Version 12.00
# Visual Studio 2013
VisualStudioVersion = 12.0.0.0
MinimumVisualStudioVersion = 10.0.0.1
Project("{2150E333-8FDC-42A3-9474-1A3956D46DE8}") = ".paket", ".paket", "{3687651F-3E94-4443-9367-64C31CA13A48}"
	ProjectSection(SolutionItems) = preProject
		..\paket.dependencies = ..\paket.dependencies
	EndProjectSection
EndProject
Project("{f2a71f9b-5d33-465a-a702-920d77279786}") = "Consensus", "Consensus\Consensus.fsproj", "{5EC4457B-615A-4BBD-B3D5-D0E311B9D5E9}"
EndProject
Project("{f2a71f9b-5d33-465a-a702-920d77279786}") = "Consensus.Tests", "Consensus.Tests\Consensus.Tests.fsproj", "{B5E951FC-AE90-4EF1-9365-3E2B5A56B510}"
EndProject
Project("{f2a71f9b-5d33-465a-a702-920d77279786}") = "Infrastructure", "Infrastructure\Infrastructure.fsproj", "{81161F64-D019-422C-A3CF-321CDE6CA209}"
EndProject
Project("{2150E333-8FDC-42A3-9474-1A3956D46DE8}") = "Tests", "Tests", "{C58A477F-36B7-429C-AD06-87A465B47F1D}"
EndProject
Project("{f2a71f9b-5d33-465a-a702-920d77279786}") = "Messaging", "Messaging\Messaging.fsproj", "{44277422-32E3-4F1B-BD6D-153B7A621444}"
EndProject
Project("{f2a71f9b-5d33-465a-a702-920d77279786}") = "Node", "Node\Node.fsproj", "{9755DEA0-2931-486A-984A-0FAD1C44EDF7}"
EndProject
Project("{f2a71f9b-5d33-465a-a702-920d77279786}") = "Blockchain", "Blockchain\Blockchain.fsproj", "{16B10D81-C99E-4562-810C-9B637234C72D}"
EndProject
Project("{f2a71f9b-5d33-465a-a702-920d77279786}") = "Network", "Network\Network.fsproj", "{8471EFE5-4B38-4969-AC2A-0BF64A031EBA}"
EndProject
Project("{f2a71f9b-5d33-465a-a702-920d77279786}") = "Network.Tests", "Network.Tests\Network.Tests.fsproj", "{0BE814E1-FD31-40B9-BD24-4572E3EF79C0}"
EndProject
Project("{f2a71f9b-5d33-465a-a702-920d77279786}") = "Api", "Api\Api.fsproj", "{BC871DA3-27D5-447D-A35E-D5DA8E8F9BC7}"
EndProject
Project("{f2a71f9b-5d33-465a-a702-920d77279786}") = "Cli", "Cli\Cli.fsproj", "{F2AB0CFF-5137-4A1C-858A-D317181B29FE}"
EndProject
Project("{f2a71f9b-5d33-465a-a702-920d77279786}") = "Wallet", "Wallet\Wallet.fsproj", "{289A59EB-D1D4-499F-87B9-F75B799829C0}"
EndProject
Project("{f2a71f9b-5d33-465a-a702-920d77279786}") = "Wallet.Tests", "Wallet.Tests\Wallet.Tests.fsproj", "{B00B9A97-D059-434D-81B9-BDC5D07A7DDB}"
EndProject
Project("{f2a71f9b-5d33-465a-a702-920d77279786}") = "Blockchain.Tests", "Blockchain.Tests\Blockchain.Tests.fsproj", "{890069D1-B830-4407-BE70-265647B318CE}"
EndProject
Project("{f2a71f9b-5d33-465a-a702-920d77279786}") = "Infrastructure.Tests", "Infrastructure.Tests\Infrastructure.Tests.fsproj", "{058F4AA6-A889-4724-A96F-F947DE57B63A}"
EndProject
Project("{2150E333-8FDC-42A3-9474-1A3956D46DE8}") = "Targets", "Targets", "{CC32ABBD-17AA-491B-9543-AC6D7B6433E6}"
	ProjectSection(SolutionItems) = preProject
		CopyZulib.targets = CopyZulib.targets
	EndProjectSection
EndProject
Global
	GlobalSection(SolutionConfigurationPlatforms) = preSolution
		Debug|Any CPU = Debug|Any CPU
		Release|Any CPU = Release|Any CPU
	EndGlobalSection
	GlobalSection(ProjectConfigurationPlatforms) = postSolution
		{5EC4457B-615A-4BBD-B3D5-D0E311B9D5E9}.Debug|Any CPU.ActiveCfg = Debug|Any CPU
		{5EC4457B-615A-4BBD-B3D5-D0E311B9D5E9}.Debug|Any CPU.Build.0 = Debug|Any CPU
		{5EC4457B-615A-4BBD-B3D5-D0E311B9D5E9}.Release|Any CPU.ActiveCfg = Release|Any CPU
		{5EC4457B-615A-4BBD-B3D5-D0E311B9D5E9}.Release|Any CPU.Build.0 = Release|Any CPU
		{B5E951FC-AE90-4EF1-9365-3E2B5A56B510}.Debug|Any CPU.ActiveCfg = Debug|Any CPU
		{B5E951FC-AE90-4EF1-9365-3E2B5A56B510}.Debug|Any CPU.Build.0 = Debug|Any CPU
		{B5E951FC-AE90-4EF1-9365-3E2B5A56B510}.Release|Any CPU.ActiveCfg = Release|Any CPU
		{B5E951FC-AE90-4EF1-9365-3E2B5A56B510}.Release|Any CPU.Build.0 = Release|Any CPU
		{81161F64-D019-422C-A3CF-321CDE6CA209}.Debug|Any CPU.ActiveCfg = Debug|Any CPU
		{81161F64-D019-422C-A3CF-321CDE6CA209}.Debug|Any CPU.Build.0 = Debug|Any CPU
		{81161F64-D019-422C-A3CF-321CDE6CA209}.Release|Any CPU.ActiveCfg = Release|Any CPU
		{81161F64-D019-422C-A3CF-321CDE6CA209}.Release|Any CPU.Build.0 = Release|Any CPU
		{44277422-32E3-4F1B-BD6D-153B7A621444}.Debug|Any CPU.ActiveCfg = Debug|Any CPU
		{44277422-32E3-4F1B-BD6D-153B7A621444}.Debug|Any CPU.Build.0 = Debug|Any CPU
		{44277422-32E3-4F1B-BD6D-153B7A621444}.Release|Any CPU.ActiveCfg = Release|Any CPU
		{44277422-32E3-4F1B-BD6D-153B7A621444}.Release|Any CPU.Build.0 = Release|Any CPU
		{9755DEA0-2931-486A-984A-0FAD1C44EDF7}.Debug|Any CPU.ActiveCfg = Debug|Any CPU
		{9755DEA0-2931-486A-984A-0FAD1C44EDF7}.Debug|Any CPU.Build.0 = Debug|Any CPU
		{9755DEA0-2931-486A-984A-0FAD1C44EDF7}.Release|Any CPU.ActiveCfg = Release|Any CPU
		{9755DEA0-2931-486A-984A-0FAD1C44EDF7}.Release|Any CPU.Build.0 = Release|Any CPU
		{16B10D81-C99E-4562-810C-9B637234C72D}.Debug|Any CPU.ActiveCfg = Debug|Any CPU
		{16B10D81-C99E-4562-810C-9B637234C72D}.Debug|Any CPU.Build.0 = Debug|Any CPU
		{16B10D81-C99E-4562-810C-9B637234C72D}.Release|Any CPU.ActiveCfg = Release|Any CPU
		{16B10D81-C99E-4562-810C-9B637234C72D}.Release|Any CPU.Build.0 = Release|Any CPU
		{8471EFE5-4B38-4969-AC2A-0BF64A031EBA}.Debug|Any CPU.ActiveCfg = Debug|Any CPU
		{8471EFE5-4B38-4969-AC2A-0BF64A031EBA}.Debug|Any CPU.Build.0 = Debug|Any CPU
		{8471EFE5-4B38-4969-AC2A-0BF64A031EBA}.Release|Any CPU.ActiveCfg = Release|Any CPU
		{8471EFE5-4B38-4969-AC2A-0BF64A031EBA}.Release|Any CPU.Build.0 = Release|Any CPU
		{0BE814E1-FD31-40B9-BD24-4572E3EF79C0}.Debug|Any CPU.ActiveCfg = Debug|Any CPU
		{0BE814E1-FD31-40B9-BD24-4572E3EF79C0}.Debug|Any CPU.Build.0 = Debug|Any CPU
		{0BE814E1-FD31-40B9-BD24-4572E3EF79C0}.Release|Any CPU.ActiveCfg = Release|Any CPU
		{0BE814E1-FD31-40B9-BD24-4572E3EF79C0}.Release|Any CPU.Build.0 = Release|Any CPU
		{BC871DA3-27D5-447D-A35E-D5DA8E8F9BC7}.Debug|Any CPU.ActiveCfg = Debug|Any CPU
		{BC871DA3-27D5-447D-A35E-D5DA8E8F9BC7}.Debug|Any CPU.Build.0 = Debug|Any CPU
		{BC871DA3-27D5-447D-A35E-D5DA8E8F9BC7}.Release|Any CPU.ActiveCfg = Release|Any CPU
		{BC871DA3-27D5-447D-A35E-D5DA8E8F9BC7}.Release|Any CPU.Build.0 = Release|Any CPU
		{F2AB0CFF-5137-4A1C-858A-D317181B29FE}.Debug|Any CPU.ActiveCfg = Debug|Any CPU
		{F2AB0CFF-5137-4A1C-858A-D317181B29FE}.Debug|Any CPU.Build.0 = Debug|Any CPU
		{F2AB0CFF-5137-4A1C-858A-D317181B29FE}.Release|Any CPU.ActiveCfg = Release|Any CPU
		{F2AB0CFF-5137-4A1C-858A-D317181B29FE}.Release|Any CPU.Build.0 = Release|Any CPU
		{289A59EB-D1D4-499F-87B9-F75B799829C0}.Debug|Any CPU.ActiveCfg = Debug|Any CPU
		{289A59EB-D1D4-499F-87B9-F75B799829C0}.Debug|Any CPU.Build.0 = Debug|Any CPU
		{289A59EB-D1D4-499F-87B9-F75B799829C0}.Release|Any CPU.ActiveCfg = Release|Any CPU
		{289A59EB-D1D4-499F-87B9-F75B799829C0}.Release|Any CPU.Build.0 = Release|Any CPU
		{B00B9A97-D059-434D-81B9-BDC5D07A7DDB}.Debug|Any CPU.ActiveCfg = Debug|Any CPU
		{B00B9A97-D059-434D-81B9-BDC5D07A7DDB}.Debug|Any CPU.Build.0 = Debug|Any CPU
		{B00B9A97-D059-434D-81B9-BDC5D07A7DDB}.Release|Any CPU.ActiveCfg = Release|Any CPU
		{B00B9A97-D059-434D-81B9-BDC5D07A7DDB}.Release|Any CPU.Build.0 = Release|Any CPU
		{890069D1-B830-4407-BE70-265647B318CE}.Debug|Any CPU.ActiveCfg = Debug|Any CPU
		{890069D1-B830-4407-BE70-265647B318CE}.Debug|Any CPU.Build.0 = Debug|Any CPU
		{890069D1-B830-4407-BE70-265647B318CE}.Release|Any CPU.ActiveCfg = Release|Any CPU
		{890069D1-B830-4407-BE70-265647B318CE}.Release|Any CPU.Build.0 = Release|Any CPU
		{058F4AA6-A889-4724-A96F-F947DE57B63A}.Debug|Any CPU.ActiveCfg = Debug|Any CPU
		{058F4AA6-A889-4724-A96F-F947DE57B63A}.Debug|Any CPU.Build.0 = Debug|Any CPU
		{058F4AA6-A889-4724-A96F-F947DE57B63A}.Release|Any CPU.ActiveCfg = Release|Any CPU
		{058F4AA6-A889-4724-A96F-F947DE57B63A}.Release|Any CPU.Build.0 = Release|Any CPU
	EndGlobalSection
	GlobalSection(SolutionProperties) = preSolution
		HideSolutionNode = FALSE
	EndGlobalSection
	GlobalSection(NestedProjects) = preSolution
		{B5E951FC-AE90-4EF1-9365-3E2B5A56B510} = {C58A477F-36B7-429C-AD06-87A465B47F1D}
		{0BE814E1-FD31-40B9-BD24-4572E3EF79C0} = {C58A477F-36B7-429C-AD06-87A465B47F1D}
		{B00B9A97-D059-434D-81B9-BDC5D07A7DDB} = {C58A477F-36B7-429C-AD06-87A465B47F1D}
		{890069D1-B830-4407-BE70-265647B318CE} = {C58A477F-36B7-429C-AD06-87A465B47F1D}
		{058F4AA6-A889-4724-A96F-F947DE57B63A} = {C58A477F-36B7-429C-AD06-87A465B47F1D}
	EndGlobalSection
EndGlobal
