
Microsoft Visual Studio Solution File, Format Version 12.00
# Visual Studio 2013
VisualStudioVersion = 12.0.0.0
MinimumVisualStudioVersion = 10.0.0.1
Project("{2150E333-8FDC-42A3-9474-1A3956D46DE8}") = ".paket", ".paket", "{3687651F-3E94-4443-9367-64C31CA13A48}"
	ProjectSection(SolutionItems) = preProject
		..\paket.dependencies = ..\paket.dependencies
		..\paket.lock = ..\paket.lock
	EndProjectSection
EndProject
Project("{F2A71F9B-5D33-465A-A702-920D77279786}") = "Consensus", "Consensus\Consensus.fsproj", "{5EC4457B-615A-4BBD-B3D5-D0E311B9D5E9}"
EndProject
Project("{F2A71F9B-5D33-465A-A702-920D77279786}") = "Consensus.Tests", "Consensus.Tests\Consensus.Tests.fsproj", "{B5E951FC-AE90-4EF1-9365-3E2B5A56B510}"
EndProject
Project("{F2A71F9B-5D33-465A-A702-920D77279786}") = "Infrastructure", "Infrastructure\Infrastructure.fsproj", "{81161F64-D019-422C-A3CF-321CDE6CA209}"
EndProject
Project("{2150E333-8FDC-42A3-9474-1A3956D46DE8}") = "Tests", "Tests", "{C58A477F-36B7-429C-AD06-87A465B47F1D}"
EndProject
Project("{F2A71F9B-5D33-465A-A702-920D77279786}") = "Messaging", "Messaging\Messaging.fsproj", "{44277422-32E3-4F1B-BD6D-153B7A621444}"
EndProject
Project("{F2A71F9B-5D33-465A-A702-920D77279786}") = "Node", "Node\Node.fsproj", "{9755DEA0-2931-486A-984A-0FAD1C44EDF7}"
EndProject
Project("{F2A71F9B-5D33-465A-A702-920D77279786}") = "Blockchain", "Blockchain\Blockchain.fsproj", "{16B10D81-C99E-4562-810C-9B637234C72D}"
EndProject
Project("{F2A71F9B-5D33-465A-A702-920D77279786}") = "Network", "Network\Network.fsproj", "{8471EFE5-4B38-4969-AC2A-0BF64A031EBA}"
EndProject
Project("{F2A71F9B-5D33-465A-A702-920D77279786}") = "Network.Tests", "Network.Tests\Network.Tests.fsproj", "{0BE814E1-FD31-40B9-BD24-4572E3EF79C0}"
EndProject
Project("{F2A71F9B-5D33-465A-A702-920D77279786}") = "Api", "Api\Api.fsproj", "{BC871DA3-27D5-447D-A35E-D5DA8E8F9BC7}"
EndProject
Project("{F2A71F9B-5D33-465A-A702-920D77279786}") = "Cli", "Cli\Cli.fsproj", "{F2AB0CFF-5137-4A1C-858A-D317181B29FE}"
EndProject
Project("{F2A71F9B-5D33-465A-A702-920D77279786}") = "Wallet", "Wallet\Wallet.fsproj", "{289A59EB-D1D4-499F-87B9-F75B799829C0}"
EndProject
Project("{F2A71F9B-5D33-465A-A702-920D77279786}") = "Wallet.Tests", "Wallet.Tests\Wallet.Tests.fsproj", "{B00B9A97-D059-434D-81B9-BDC5D07A7DDB}"
EndProject
Project("{F2A71F9B-5D33-465A-A702-920D77279786}") = "Blockchain.Tests", "Blockchain.Tests\Blockchain.Tests.fsproj", "{890069D1-B830-4407-BE70-265647B318CE}"
EndProject
Project("{F2A71F9B-5D33-465A-A702-920D77279786}") = "Infrastructure.Tests", "Infrastructure.Tests\Infrastructure.Tests.fsproj", "{058F4AA6-A889-4724-A96F-F947DE57B63A}"
EndProject
Project("{2150E333-8FDC-42A3-9474-1A3956D46DE8}") = "Targets", "Targets", "{CC32ABBD-17AA-491B-9543-AC6D7B6433E6}"
	ProjectSection(SolutionItems) = preProject
		CopyZulib.targets = CopyZulib.targets
		RefFStar.props = RefFStar.props
	EndProjectSection
EndProject
Project("{F2A71F9B-5D33-465A-A702-920D77279786}") = "Miner", "Miner\Miner.fsproj", "{26EE7861-DF8C-46EA-889B-0A585B687209}"
EndProject
Project("{F2A71F9B-5D33-465A-A702-920D77279786}") = "TestsInfrastructure", "TestsInfrastructure\TestsInfrastructure.fsproj", "{9DF227BB-E98D-49D7-A33B-C0D5B170F430}"
EndProject
Project("{F2A71F9B-5D33-465A-A702-920D77279786}") = "DataAccess", "DataAccess\DataAccess.fsproj", "{CD83F0E5-0E3B-4582-924A-18DA50F4D7C7}"
EndProject
Project("{F2A71F9B-5D33-465A-A702-920D77279786}") = "Node.Tests", "Node.Tests\Node.Tests.fsproj", "{DFD94DF5-02C9-48A6-A885-902727A15026}"
EndProject
Project("{2150E333-8FDC-42A3-9474-1A3956D46DE8}") = "Zulib", "Zulib", "{0CA87DC0-BEDA-4DD6-9F16-F2CCEA75A226}"
	ProjectSection(SolutionItems) = preProject
		Zulib\build.cmd = Zulib\build.cmd
		Zulib\build.fsx = Zulib\build.fsx
		Zulib\build.sh = Zulib\build.sh
		Zulib\fsharp\Extracted\Zen.Array.Extracted.fs = Zulib\fsharp\Extracted\Zen.Array.Extracted.fs
		Zulib\fsharp\Extracted\Zen.Base.fs = Zulib\fsharp\Extracted\Zen.Base.fs
		Zulib\fsharp\Extracted\Zen.Cost.Extracted.fs = Zulib\fsharp\Extracted\Zen.Cost.Extracted.fs
		Zulib\fsharp\Extracted\Zen.Error.fs = Zulib\fsharp\Extracted\Zen.Error.fs
		Zulib\fsharp\Extracted\Zen.ErrorT.fs = Zulib\fsharp\Extracted\Zen.ErrorT.fs
		Zulib\fsharp\Extracted\Zen.Option.fs = Zulib\fsharp\Extracted\Zen.Option.fs
		Zulib\fsharp\Extracted\Zen.OptionT.fs = Zulib\fsharp\Extracted\Zen.OptionT.fs
		Zulib\fsharp\Extracted\Zen.Tuple.fs = Zulib\fsharp\Extracted\Zen.Tuple.fs
		Zulib\fsharp\Extracted\Zen.TupleT.fs = Zulib\fsharp\Extracted\Zen.TupleT.fs
		Zulib\fsharp\Extracted\Zen.Types.Extracted.fs = Zulib\fsharp\Extracted\Zen.Types.Extracted.fs
		Zulib\fsharp\Extracted\Zen.Types.Main.fs = Zulib\fsharp\Extracted\Zen.Types.Main.fs
		Zulib\fsharp\Extracted\Zen.Vector.fs = Zulib\fsharp\Extracted\Zen.Vector.fs
		Zulib\fsharp\Realized\Consensus.Realized.fs = Zulib\fsharp\Realized\Consensus.Realized.fs
		Zulib\fsharp\Realized\FStar.Int.fs = Zulib\fsharp\Realized\FStar.Int.fs
		Zulib\fsharp\Realized\FStar.Int64.fs = Zulib\fsharp\Realized\FStar.Int64.fs
		Zulib\fsharp\Realized\FStar.Pervasives.fs = Zulib\fsharp\Realized\FStar.Pervasives.fs
		Zulib\fsharp\Realized\FStar.UInt.fs = Zulib\fsharp\Realized\FStar.UInt.fs
		Zulib\fsharp\Realized\FStar.UInt32.fs = Zulib\fsharp\Realized\FStar.UInt32.fs
		Zulib\fsharp\Realized\FStar.UInt64.fs = Zulib\fsharp\Realized\FStar.UInt64.fs
		Zulib\fsharp\Realized\FStar.UInt8.fs = Zulib\fsharp\Realized\FStar.UInt8.fs
		Zulib\fsharp\Realized\Zen.Array.Realized.fs = Zulib\fsharp\Realized\Zen.Array.Realized.fs
		Zulib\fsharp\Realized\Zen.ArrayRealized.fs = Zulib\fsharp\Realized\Zen.ArrayRealized.fs
		Zulib\fsharp\Realized\Zen.Cost.Realized.fs = Zulib\fsharp\Realized\Zen.Cost.Realized.fs
		Zulib\fsharp\Realized\Zen.Cost.fs = Zulib\fsharp\Realized\Zen.Cost.fs
		Zulib\fsharp\Realized\Zen.Crypto.fs = Zulib\fsharp\Realized\Zen.Crypto.fs
		Zulib\fsharp\Realized\Zen.Float.fs = Zulib\fsharp\Realized\Zen.Float.fs
		Zulib\fsharp\Realized\Zen.Types.Realized.fs = Zulib\fsharp\Realized\Zen.Types.Realized.fs
		Zulib\fsharp\Realized\Zen.TxSkeleton.fs = Zulib\fsharp\Realized\Zen.TxSkeleton.fs
		Zulib\fsharp\Realized\Zen.UInt32.fs = Zulib\fsharp\Realized\Zen.UInt32.fs
		Zulib\fsharp\Realized\Zen.UInt64.fs = Zulib\fsharp\Realized\Zen.UInt64.fs
		Zulib\fsharp\Realized\Zen.Util.fs = Zulib\fsharp\Realized\Zen.Util.fs
		Zulib\fsharp\Realized\prims.fs = Zulib\fsharp\Realized\prims.fs
		Zulib\fstar\FStar.Int.fst = Zulib\fstar\FStar.Int.fst
		Zulib\fstar\FStar.Int64.fst = Zulib\fstar\FStar.Int64.fst
		Zulib\fstar\FStar.Pervasives.Native.fst = Zulib\fstar\FStar.Pervasives.Native.fst
		Zulib\fstar\FStar.Pervasives.fst = Zulib\fstar\FStar.Pervasives.fst
		Zulib\fstar\FStar.UInt.fst = Zulib\fstar\FStar.UInt.fst
		Zulib\fstar\FStar.UInt32.fst = Zulib\fstar\FStar.UInt32.fst
		Zulib\fstar\FStar.UInt64.fst = Zulib\fstar\FStar.UInt64.fst
		Zulib\fstar\FStar.UInt8.fst = Zulib\fstar\FStar.UInt8.fst
		Zulib\fstar\Zen.Array.Extracted.fst = Zulib\fstar\Zen.Array.Extracted.fst
		Zulib\fstar\Zen.Array.Realized.fsti = Zulib\fstar\Zen.Array.Realized.fsti
		Zulib\fstar\Zen.Array.fst = Zulib\fstar\Zen.Array.fst
		Zulib\fstar\Zen.Base.fst = Zulib\fstar\Zen.Base.fst
		Zulib\fstar\Zen.Cost.Extracted.fst = Zulib\fstar\Zen.Cost.Extracted.fst
		Zulib\fstar\Zen.Cost.Realized.fst = Zulib\fstar\Zen.Cost.Realized.fst
		Zulib\fstar\Zen.Cost.fst = Zulib\fstar\Zen.Cost.fst
		Zulib\fstar\Zen.Crypto.fsti = Zulib\fstar\Zen.Crypto.fsti
		Zulib\fstar\Zen.Error.fst = Zulib\fstar\Zen.Error.fst
		Zulib\fstar\Zen.ErrorT.fst = Zulib\fstar\Zen.ErrorT.fst
		Zulib\fstar\Zen.Option.fst = Zulib\fstar\Zen.Option.fst
		Zulib\fstar\Zen.OptionT.fst = Zulib\fstar\Zen.OptionT.fst
		Zulib\fstar\Zen.Tuple.fst = Zulib\fstar\Zen.Tuple.fst
		Zulib\fstar\Zen.TupleT.fst = Zulib\fstar\Zen.TupleT.fst
		Zulib\fstar\Zen.Types.Extracted.fst = Zulib\fstar\Zen.Types.Extracted.fst
		Zulib\fstar\Zen.Types.Main.fst = Zulib\fstar\Zen.Types.Main.fst
		Zulib\fstar\Zen.Types.Realized.fsti = Zulib\fstar\Zen.Types.Realized.fsti
		Zulib\fstar\Zen.TxSkeleton.fsti = Zulib\fstar\Zen.TxSkeleton.fsti
		Zulib\fstar\Zen.Types.fst = Zulib\fstar\Zen.Types.fst
		Zulib\fstar\Zen.Util.fsti = Zulib\fstar\Zen.Util.fsti
		Zulib\fstar\Zen.Vector.fst = Zulib\fstar\Zen.Vector.fst
		Zulib\fstar\prims.fst = Zulib\fstar\prims.fst
		Zulib\fstar\Zen.Asset.fsti = Zulib\fstar\Zen.Asset.fsti
		Zulib\fsharp\Realized\Zen.Asset.fs = Zulib\fsharp\Realized\Zen.Asset.fs
		Zulib\fsharp\Realized\Zen.Wallet.fs = Zulib\fsharp\Realized\Zen.Wallet.fs
		Zulib\fstar\Zen.String.fsti = Zulib\fstar\Zen.String.fsti
		Zulib\fsharp\Realized\Zen.String.Realized.fs = Zulib\fsharp\Realized\Zen.String.Realized.fs
		Zulib\fstar\Zen.Wallet.fst = Zulib\fstar\Zen.Wallet.fst
	EndProjectSection
EndProject
Project("{2150E333-8FDC-42A3-9474-1A3956D46DE8}") = "ContractExamples", "ContractExamples", "{38137384-85D5-41FE-B40B-27E4F54898D0}"
	ProjectSection(SolutionItems) = preProject
		ContractExamples\Faucet.fst = ContractExamples\Faucet.fst
		ContractExamples\Token.fst = ContractExamples\Token.fst
	EndProjectSection
EndProject
Project("{2150E333-8FDC-42A3-9474-1A3956D46DE8}") = "Scripts", "Scripts", "{594A4B19-5CA9-4940-94C8-3689D3FC5444}"
	ProjectSection(SolutionItems) = preProject
		Scripts\createGenesis.fsx = Scripts\createGenesis.fsx
	EndProjectSection
EndProject
Project("{2150E333-8FDC-42A3-9474-1A3956D46DE8}") = "package", "package", "{A4AF5018-B969-4944-9B85-6E33203591DB}"
	ProjectSection(SolutionItems) = preProject
		..\package\build.sh = ..\package\build.sh
		..\package\index.js = ..\package\index.js
		..\package\package.json = ..\package\package.json
		..\package\zen-node.js = ..\package\zen-node.js
	EndProjectSection
EndProject
Project("{F2A71F9B-5D33-465A-A702-920D77279786}") = "Zulib.Tests", "Zulib.Tests\Zulib.Tests.fsproj", "{72AAB622-79A2-4FAC-B2B6-78173DE52EDC}"
EndProject
Global
	GlobalSection(SolutionConfigurationPlatforms) = preSolution
		Debug|Any CPU = Debug|Any CPU
		Release|Any CPU = Release|Any CPU
	EndGlobalSection
	GlobalSection(ProjectConfigurationPlatforms) = postSolution
		{5EC4457B-615A-4BBD-B3D5-D0E311B9D5E9}.Debug|Any CPU.ActiveCfg = Debug|Any CPU
		{5EC4457B-615A-4BBD-B3D5-D0E311B9D5E9}.Debug|Any CPU.Build.0 = Debug|Any CPU
		{5EC4457B-615A-4BBD-B3D5-D0E311B9D5E9}.Release|Any CPU.ActiveCfg = Release|Any CPU
		{5EC4457B-615A-4BBD-B3D5-D0E311B9D5E9}.Release|Any CPU.Build.0 = Release|Any CPU
		{B5E951FC-AE90-4EF1-9365-3E2B5A56B510}.Debug|Any CPU.ActiveCfg = Debug|Any CPU
		{B5E951FC-AE90-4EF1-9365-3E2B5A56B510}.Debug|Any CPU.Build.0 = Debug|Any CPU
		{B5E951FC-AE90-4EF1-9365-3E2B5A56B510}.Release|Any CPU.ActiveCfg = Release|Any CPU
		{B5E951FC-AE90-4EF1-9365-3E2B5A56B510}.Release|Any CPU.Build.0 = Release|Any CPU
		{81161F64-D019-422C-A3CF-321CDE6CA209}.Debug|Any CPU.ActiveCfg = Debug|Any CPU
		{81161F64-D019-422C-A3CF-321CDE6CA209}.Debug|Any CPU.Build.0 = Debug|Any CPU
		{81161F64-D019-422C-A3CF-321CDE6CA209}.Release|Any CPU.ActiveCfg = Release|Any CPU
		{81161F64-D019-422C-A3CF-321CDE6CA209}.Release|Any CPU.Build.0 = Release|Any CPU
		{44277422-32E3-4F1B-BD6D-153B7A621444}.Debug|Any CPU.ActiveCfg = Debug|Any CPU
		{44277422-32E3-4F1B-BD6D-153B7A621444}.Debug|Any CPU.Build.0 = Debug|Any CPU
		{44277422-32E3-4F1B-BD6D-153B7A621444}.Release|Any CPU.ActiveCfg = Release|Any CPU
		{44277422-32E3-4F1B-BD6D-153B7A621444}.Release|Any CPU.Build.0 = Release|Any CPU
		{9755DEA0-2931-486A-984A-0FAD1C44EDF7}.Debug|Any CPU.ActiveCfg = Debug|Any CPU
		{9755DEA0-2931-486A-984A-0FAD1C44EDF7}.Debug|Any CPU.Build.0 = Debug|Any CPU
		{9755DEA0-2931-486A-984A-0FAD1C44EDF7}.Release|Any CPU.ActiveCfg = Release|Any CPU
		{9755DEA0-2931-486A-984A-0FAD1C44EDF7}.Release|Any CPU.Build.0 = Release|Any CPU
		{16B10D81-C99E-4562-810C-9B637234C72D}.Debug|Any CPU.ActiveCfg = Debug|Any CPU
		{16B10D81-C99E-4562-810C-9B637234C72D}.Debug|Any CPU.Build.0 = Debug|Any CPU
		{16B10D81-C99E-4562-810C-9B637234C72D}.Release|Any CPU.ActiveCfg = Release|Any CPU
		{16B10D81-C99E-4562-810C-9B637234C72D}.Release|Any CPU.Build.0 = Release|Any CPU
		{8471EFE5-4B38-4969-AC2A-0BF64A031EBA}.Debug|Any CPU.ActiveCfg = Debug|Any CPU
		{8471EFE5-4B38-4969-AC2A-0BF64A031EBA}.Debug|Any CPU.Build.0 = Debug|Any CPU
		{8471EFE5-4B38-4969-AC2A-0BF64A031EBA}.Release|Any CPU.ActiveCfg = Release|Any CPU
		{8471EFE5-4B38-4969-AC2A-0BF64A031EBA}.Release|Any CPU.Build.0 = Release|Any CPU
		{0BE814E1-FD31-40B9-BD24-4572E3EF79C0}.Debug|Any CPU.ActiveCfg = Debug|Any CPU
		{0BE814E1-FD31-40B9-BD24-4572E3EF79C0}.Debug|Any CPU.Build.0 = Debug|Any CPU
		{0BE814E1-FD31-40B9-BD24-4572E3EF79C0}.Release|Any CPU.ActiveCfg = Release|Any CPU
		{0BE814E1-FD31-40B9-BD24-4572E3EF79C0}.Release|Any CPU.Build.0 = Release|Any CPU
		{BC871DA3-27D5-447D-A35E-D5DA8E8F9BC7}.Debug|Any CPU.ActiveCfg = Debug|Any CPU
		{BC871DA3-27D5-447D-A35E-D5DA8E8F9BC7}.Debug|Any CPU.Build.0 = Debug|Any CPU
		{BC871DA3-27D5-447D-A35E-D5DA8E8F9BC7}.Release|Any CPU.ActiveCfg = Release|Any CPU
		{BC871DA3-27D5-447D-A35E-D5DA8E8F9BC7}.Release|Any CPU.Build.0 = Release|Any CPU
		{F2AB0CFF-5137-4A1C-858A-D317181B29FE}.Debug|Any CPU.ActiveCfg = Debug|Any CPU
		{F2AB0CFF-5137-4A1C-858A-D317181B29FE}.Debug|Any CPU.Build.0 = Debug|Any CPU
		{F2AB0CFF-5137-4A1C-858A-D317181B29FE}.Release|Any CPU.ActiveCfg = Release|Any CPU
		{F2AB0CFF-5137-4A1C-858A-D317181B29FE}.Release|Any CPU.Build.0 = Release|Any CPU
		{289A59EB-D1D4-499F-87B9-F75B799829C0}.Debug|Any CPU.ActiveCfg = Debug|Any CPU
		{289A59EB-D1D4-499F-87B9-F75B799829C0}.Debug|Any CPU.Build.0 = Debug|Any CPU
		{289A59EB-D1D4-499F-87B9-F75B799829C0}.Release|Any CPU.ActiveCfg = Release|Any CPU
		{289A59EB-D1D4-499F-87B9-F75B799829C0}.Release|Any CPU.Build.0 = Release|Any CPU
		{B00B9A97-D059-434D-81B9-BDC5D07A7DDB}.Debug|Any CPU.ActiveCfg = Debug|Any CPU
		{B00B9A97-D059-434D-81B9-BDC5D07A7DDB}.Debug|Any CPU.Build.0 = Debug|Any CPU
		{B00B9A97-D059-434D-81B9-BDC5D07A7DDB}.Release|Any CPU.ActiveCfg = Release|Any CPU
		{B00B9A97-D059-434D-81B9-BDC5D07A7DDB}.Release|Any CPU.Build.0 = Release|Any CPU
		{890069D1-B830-4407-BE70-265647B318CE}.Debug|Any CPU.ActiveCfg = Debug|Any CPU
		{890069D1-B830-4407-BE70-265647B318CE}.Debug|Any CPU.Build.0 = Debug|Any CPU
		{890069D1-B830-4407-BE70-265647B318CE}.Release|Any CPU.ActiveCfg = Release|Any CPU
		{890069D1-B830-4407-BE70-265647B318CE}.Release|Any CPU.Build.0 = Release|Any CPU
		{058F4AA6-A889-4724-A96F-F947DE57B63A}.Debug|Any CPU.ActiveCfg = Debug|Any CPU
		{058F4AA6-A889-4724-A96F-F947DE57B63A}.Debug|Any CPU.Build.0 = Debug|Any CPU
		{058F4AA6-A889-4724-A96F-F947DE57B63A}.Release|Any CPU.ActiveCfg = Release|Any CPU
		{058F4AA6-A889-4724-A96F-F947DE57B63A}.Release|Any CPU.Build.0 = Release|Any CPU
		{9DF227BB-E98D-49D7-A33B-C0D5B170F430}.Debug|Any CPU.ActiveCfg = Debug|Any CPU
		{9DF227BB-E98D-49D7-A33B-C0D5B170F430}.Debug|Any CPU.Build.0 = Debug|Any CPU
		{9DF227BB-E98D-49D7-A33B-C0D5B170F430}.Release|Any CPU.ActiveCfg = Release|Any CPU
		{9DF227BB-E98D-49D7-A33B-C0D5B170F430}.Release|Any CPU.Build.0 = Release|Any CPU
		{26EE7861-DF8C-46EA-889B-0A585B687209}.Debug|Any CPU.ActiveCfg = Debug|Any CPU
		{26EE7861-DF8C-46EA-889B-0A585B687209}.Debug|Any CPU.Build.0 = Debug|Any CPU
		{CD83F0E5-0E3B-4582-924A-18DA50F4D7C7}.Debug|Any CPU.ActiveCfg = Debug|Any CPU
		{CD83F0E5-0E3B-4582-924A-18DA50F4D7C7}.Debug|Any CPU.Build.0 = Debug|Any CPU
		{CD83F0E5-0E3B-4582-924A-18DA50F4D7C7}.Release|Any CPU.ActiveCfg = Release|Any CPU
		{CD83F0E5-0E3B-4582-924A-18DA50F4D7C7}.Release|Any CPU.Build.0 = Release|Any CPU
		{AD927120-845D-4800-AF23-C1C543A291EE}.Debug|Any CPU.ActiveCfg = Debug|Any CPU
		{AD927120-845D-4800-AF23-C1C543A291EE}.Debug|Any CPU.Build.0 = Debug|Any CPU
		{AD927120-845D-4800-AF23-C1C543A291EE}.Release|Any CPU.ActiveCfg = Release|Any CPU
		{AD927120-845D-4800-AF23-C1C543A291EE}.Release|Any CPU.Build.0 = Release|Any CPU
		{DFD94DF5-02C9-48A6-A885-902727A15026}.Debug|Any CPU.ActiveCfg = Debug|Any CPU
		{DFD94DF5-02C9-48A6-A885-902727A15026}.Debug|Any CPU.Build.0 = Debug|Any CPU
		{DFD94DF5-02C9-48A6-A885-902727A15026}.Release|Any CPU.ActiveCfg = Release|Any CPU
		{DFD94DF5-02C9-48A6-A885-902727A15026}.Release|Any CPU.Build.0 = Release|Any CPU
		{72AAB622-79A2-4FAC-B2B6-78173DE52EDC}.Debug|Any CPU.ActiveCfg = Debug|Any CPU
		{72AAB622-79A2-4FAC-B2B6-78173DE52EDC}.Debug|Any CPU.Build.0 = Debug|Any CPU
		{72AAB622-79A2-4FAC-B2B6-78173DE52EDC}.Release|Any CPU.ActiveCfg = Release|Any CPU
		{72AAB622-79A2-4FAC-B2B6-78173DE52EDC}.Release|Any CPU.Build.0 = Release|Any CPU
	EndGlobalSection
	GlobalSection(SolutionProperties) = preSolution
		HideSolutionNode = FALSE
	EndGlobalSection
	GlobalSection(NestedProjects) = preSolution
		{B5E951FC-AE90-4EF1-9365-3E2B5A56B510} = {C58A477F-36B7-429C-AD06-87A465B47F1D}
		{0BE814E1-FD31-40B9-BD24-4572E3EF79C0} = {C58A477F-36B7-429C-AD06-87A465B47F1D}
		{B00B9A97-D059-434D-81B9-BDC5D07A7DDB} = {C58A477F-36B7-429C-AD06-87A465B47F1D}
		{890069D1-B830-4407-BE70-265647B318CE} = {C58A477F-36B7-429C-AD06-87A465B47F1D}
		{058F4AA6-A889-4724-A96F-F947DE57B63A} = {C58A477F-36B7-429C-AD06-87A465B47F1D}
		{9DF227BB-E98D-49D7-A33B-C0D5B170F430} = {C58A477F-36B7-429C-AD06-87A465B47F1D}
		{DFD94DF5-02C9-48A6-A885-902727A15026} = {C58A477F-36B7-429C-AD06-87A465B47F1D}
		{72AAB622-79A2-4FAC-B2B6-78173DE52EDC} = {C58A477F-36B7-429C-AD06-87A465B47F1D}
	EndGlobalSection
EndGlobal
