
Microsoft Visual Studio Solution File, Format Version 12.00
# Visual Studio 2013
VisualStudioVersion = 12.0.0.0
MinimumVisualStudioVersion = 10.0.0.1
Project("{2150E333-8FDC-42A3-9474-1A3956D46DE8}") = ".paket", ".paket", "{3687651F-3E94-4443-9367-64C31CA13A48}"
	ProjectSection(SolutionItems) = preProject
		..\paket.dependencies = ..\paket.dependencies
	EndProjectSection
EndProject
Project("{F2A71F9B-5D33-465A-A702-920D77279786}") = "Consensus", "Consensus\Consensus.fsproj", "{5EC4457B-615A-4BBD-B3D5-D0E311B9D5E9}"
EndProject
Project("{F2A71F9B-5D33-465A-A702-920D77279786}") = "Consensus.Tests", "Consensus.Tests\Consensus.Tests.fsproj", "{B5E951FC-AE90-4EF1-9365-3E2B5A56B510}"
EndProject
Project("{F2A71F9B-5D33-465A-A702-920D77279786}") = "Infrastructure", "Infrastructure\Infrastructure.fsproj", "{81161F64-D019-422C-A3CF-321CDE6CA209}"
EndProject
Project("{2150E333-8FDC-42A3-9474-1A3956D46DE8}") = "Tests", "Tests", "{C58A477F-36B7-429C-AD06-87A465B47F1D}"
EndProject
Project("{F2A71F9B-5D33-465A-A702-920D77279786}") = "Messaging", "Messaging\Messaging.fsproj", "{44277422-32E3-4F1B-BD6D-153B7A621444}"
EndProject
Project("{F2A71F9B-5D33-465A-A702-920D77279786}") = "Node", "Node\Node.fsproj", "{9755DEA0-2931-486A-984A-0FAD1C44EDF7}"
EndProject
Project("{F2A71F9B-5D33-465A-A702-920D77279786}") = "Blockchain", "Blockchain\Blockchain.fsproj", "{16B10D81-C99E-4562-810C-9B637234C72D}"
EndProject
Project("{F2A71F9B-5D33-465A-A702-920D77279786}") = "Network", "Network\Network.fsproj", "{8471EFE5-4B38-4969-AC2A-0BF64A031EBA}"
EndProject
Project("{F2A71F9B-5D33-465A-A702-920D77279786}") = "Network.Tests", "Network.Tests\Network.Tests.fsproj", "{0BE814E1-FD31-40B9-BD24-4572E3EF79C0}"
EndProject
Project("{F2A71F9B-5D33-465A-A702-920D77279786}") = "Api", "Api\Api.fsproj", "{BC871DA3-27D5-447D-A35E-D5DA8E8F9BC7}"
EndProject
Project("{F2A71F9B-5D33-465A-A702-920D77279786}") = "Cli", "Cli\Cli.fsproj", "{F2AB0CFF-5137-4A1C-858A-D317181B29FE}"
EndProject
Project("{F2A71F9B-5D33-465A-A702-920D77279786}") = "Wallet", "Wallet\Wallet.fsproj", "{289A59EB-D1D4-499F-87B9-F75B799829C0}"
EndProject
Project("{F2A71F9B-5D33-465A-A702-920D77279786}") = "Wallet.Tests", "Wallet.Tests\Wallet.Tests.fsproj", "{B00B9A97-D059-434D-81B9-BDC5D07A7DDB}"
EndProject
Project("{F2A71F9B-5D33-465A-A702-920D77279786}") = "Blockchain.Tests", "Blockchain.Tests\Blockchain.Tests.fsproj", "{890069D1-B830-4407-BE70-265647B318CE}"
EndProject
Project("{F2A71F9B-5D33-465A-A702-920D77279786}") = "Infrastructure.Tests", "Infrastructure.Tests\Infrastructure.Tests.fsproj", "{058F4AA6-A889-4724-A96F-F947DE57B63A}"
EndProject
Project("{2150E333-8FDC-42A3-9474-1A3956D46DE8}") = "Targets", "Targets", "{CC32ABBD-17AA-491B-9543-AC6D7B6433E6}"
	ProjectSection(SolutionItems) = preProject
		CopyZulib.targets = CopyZulib.targets
		RefFStar.props = RefFStar.props
	EndProjectSection
EndProject
Project("{F2A71F9B-5D33-465A-A702-920D77279786}") = "Miner", "Miner\Miner.fsproj", "{26EE7861-DF8C-46EA-889B-0A585B687209}"
EndProject
Project("{F2A71F9B-5D33-465A-A702-920D77279786}") = "TestsInfrastructure", "TestsInfrastructure\TestsInfrastructure.fsproj", "{9DF227BB-E98D-49D7-A33B-C0D5B170F430}"
EndProject
Project("{F2A71F9B-5D33-465A-A702-920D77279786}") = "DataAccess", "DataAccess\DataAccess.fsproj", "{CD83F0E5-0E3B-4582-924A-18DA50F4D7C7}"
EndProject
Project("{2150E333-8FDC-42A3-9474-1A3956D46DE8}") = "Zulib", "Zulib", "{0CA87DC0-BEDA-4DD6-9F16-F2CCEA75A226}"
ProjectSection(SolutionItems) = preProject
	Zulib\.fake\build.fsx_2718C1ED.dll = Zulib\.fake\build.fsx_2718C1ED.dll
	Zulib\.fake\build.fsx_2718C1ED_config.xml = Zulib\.fake\build.fsx_2718C1ED_config.xml
	Zulib\.fake\build.fsx_2718C1ED_warnings.txt = Zulib\.fake\build.fsx_2718C1ED_warnings.txt
	Zulib\bin\Zulib.dll = Zulib\bin\Zulib.dll
	Zulib\build.cmd = Zulib\build.cmd
	Zulib\build.fsx = Zulib\build.fsx
	Zulib\build.sh = Zulib\build.sh
	Zulib\fsharp\Extracted\Zen.Array.Extracted.fs = Zulib\fsharp\Extracted\Zen.Array.Extracted.fs
	Zulib\fsharp\Extracted\Zen.Base.fs = Zulib\fsharp\Extracted\Zen.Base.fs
	Zulib\fsharp\Extracted\Zen.Cost.Extracted.fs = Zulib\fsharp\Extracted\Zen.Cost.Extracted.fs
	Zulib\fsharp\Extracted\Zen.Error.fs = Zulib\fsharp\Extracted\Zen.Error.fs
	Zulib\fsharp\Extracted\Zen.ErrorT.fs = Zulib\fsharp\Extracted\Zen.ErrorT.fs
	Zulib\fsharp\Extracted\Zen.Option.fs = Zulib\fsharp\Extracted\Zen.Option.fs
	Zulib\fsharp\Extracted\Zen.OptionT.fs = Zulib\fsharp\Extracted\Zen.OptionT.fs
	Zulib\fsharp\Extracted\Zen.Tuple.fs = Zulib\fsharp\Extracted\Zen.Tuple.fs
	Zulib\fsharp\Extracted\Zen.TupleT.fs = Zulib\fsharp\Extracted\Zen.TupleT.fs
	Zulib\fsharp\Extracted\Zen.Types.Extracted.fs = Zulib\fsharp\Extracted\Zen.Types.Extracted.fs
	Zulib\fsharp\Extracted\Zen.Types.Main.fs = Zulib\fsharp\Extracted\Zen.Types.Main.fs
	Zulib\fsharp\Extracted\Zen.Vector.fs = Zulib\fsharp\Extracted\Zen.Vector.fs
	Zulib\fsharp\Realized\Consensus.Realized.fs = Zulib\fsharp\Realized\Consensus.Realized.fs
	Zulib\fsharp\Realized\FStar.Int.fs = Zulib\fsharp\Realized\FStar.Int.fs
	Zulib\fsharp\Realized\FStar.Int64.fs = Zulib\fsharp\Realized\FStar.Int64.fs
	Zulib\fsharp\Realized\FStar.Mul.fs = Zulib\fsharp\Realized\FStar.Mul.fs
	Zulib\fsharp\Realized\FStar.Pervasives.fs = Zulib\fsharp\Realized\FStar.Pervasives.fs
	Zulib\fsharp\Realized\FStar.UInt.fs = Zulib\fsharp\Realized\FStar.UInt.fs
	Zulib\fsharp\Realized\FStar.UInt32.fs = Zulib\fsharp\Realized\FStar.UInt32.fs
	Zulib\fsharp\Realized\FStar.UInt64.fs = Zulib\fsharp\Realized\FStar.UInt64.fs
	Zulib\fsharp\Realized\FStar.UInt8.fs = Zulib\fsharp\Realized\FStar.UInt8.fs
	Zulib\fsharp\Realized\Zen.Array.Realized.fs = Zulib\fsharp\Realized\Zen.Array.Realized.fs
	Zulib\fsharp\Realized\Zen.ArrayRealized.fs = Zulib\fsharp\Realized\Zen.ArrayRealized.fs
	Zulib\fsharp\Realized\Zen.Cost.Realized.fs = Zulib\fsharp\Realized\Zen.Cost.Realized.fs
	Zulib\fsharp\Realized\Zen.Cost.fs = Zulib\fsharp\Realized\Zen.Cost.fs
	Zulib\fsharp\Realized\Zen.Crypto.fs = Zulib\fsharp\Realized\Zen.Crypto.fs
	Zulib\fsharp\Realized\Zen.Float.fs = Zulib\fsharp\Realized\Zen.Float.fs
	Zulib\fsharp\Realized\Zen.Merkle.fs = Zulib\fsharp\Realized\Zen.Merkle.fs
	Zulib\fsharp\Realized\Zen.Sha3.Realized.fs = Zulib\fsharp\Realized\Zen.Sha3.Realized.fs
	Zulib\fsharp\Realized\Zen.Types.Realized.fs = Zulib\fsharp\Realized\Zen.Types.Realized.fs
	Zulib\fsharp\Realized\Zen.Types.TxSkeleton.fs = Zulib\fsharp\Realized\Zen.Types.TxSkeleton.fs
	Zulib\fsharp\Realized\Zen.UInt32.fs = Zulib\fsharp\Realized\Zen.UInt32.fs
	Zulib\fsharp\Realized\Zen.UInt64.fs = Zulib\fsharp\Realized\Zen.UInt64.fs
	Zulib\fsharp\Realized\Zen.Util.fs = Zulib\fsharp\Realized\Zen.Util.fs
	Zulib\fsharp\Realized\prims.fs = Zulib\fsharp\Realized\prims.fs
	Zulib\fstar\FStar.Int.fst = Zulib\fstar\FStar.Int.fst
	Zulib\fstar\FStar.Int.fst.checked = Zulib\fstar\FStar.Int.fst.checked
	Zulib\fstar\FStar.Int.fst.hints = Zulib\fstar\FStar.Int.fst.hints
	Zulib\fstar\FStar.Int64.fst = Zulib\fstar\FStar.Int64.fst
	Zulib\fstar\FStar.Int64.fst.checked = Zulib\fstar\FStar.Int64.fst.checked
	Zulib\fstar\FStar.Int64.fst.hints = Zulib\fstar\FStar.Int64.fst.hints
	Zulib\fstar\FStar.Mul.fst = Zulib\fstar\FStar.Mul.fst
	Zulib\fstar\FStar.Mul.fst.checked = Zulib\fstar\FStar.Mul.fst.checked
	Zulib\fstar\FStar.Mul.fst.hints = Zulib\fstar\FStar.Mul.fst.hints
	Zulib\fstar\FStar.Option.fsti = Zulib\fstar\FStar.Option.fsti
	Zulib\fstar\FStar.Option.fsti.checked = Zulib\fstar\FStar.Option.fsti.checked
	Zulib\fstar\FStar.Option.fsti.hints = Zulib\fstar\FStar.Option.fsti.hints
	Zulib\fstar\FStar.Pervasives.Native.fst = Zulib\fstar\FStar.Pervasives.Native.fst
	Zulib\fstar\FStar.Pervasives.Native.fst.checked = Zulib\fstar\FStar.Pervasives.Native.fst.checked
	Zulib\fstar\FStar.Pervasives.Native.fst.hints = Zulib\fstar\FStar.Pervasives.Native.fst.hints
	Zulib\fstar\FStar.Pervasives.fst = Zulib\fstar\FStar.Pervasives.fst
	Zulib\fstar\FStar.Pervasives.fst.checked = Zulib\fstar\FStar.Pervasives.fst.checked
	Zulib\fstar\FStar.Pervasives.fst.hints = Zulib\fstar\FStar.Pervasives.fst.hints
	Zulib\fstar\FStar.UInt.fst = Zulib\fstar\FStar.UInt.fst
	Zulib\fstar\FStar.UInt.fst.checked = Zulib\fstar\FStar.UInt.fst.checked
	Zulib\fstar\FStar.UInt.fst.hints = Zulib\fstar\FStar.UInt.fst.hints
	Zulib\fstar\FStar.UInt32.fst = Zulib\fstar\FStar.UInt32.fst
	Zulib\fstar\FStar.UInt32.fst.checked = Zulib\fstar\FStar.UInt32.fst.checked
	Zulib\fstar\FStar.UInt32.fst.hints = Zulib\fstar\FStar.UInt32.fst.hints
	Zulib\fstar\FStar.UInt64.fst = Zulib\fstar\FStar.UInt64.fst
	Zulib\fstar\FStar.UInt64.fst.checked = Zulib\fstar\FStar.UInt64.fst.checked
	Zulib\fstar\FStar.UInt64.fst.hints = Zulib\fstar\FStar.UInt64.fst.hints
	Zulib\fstar\FStar.UInt8.fst = Zulib\fstar\FStar.UInt8.fst
	Zulib\fstar\FStar.UInt8.fst.checked = Zulib\fstar\FStar.UInt8.fst.checked
	Zulib\fstar\FStar.UInt8.fst.hints = Zulib\fstar\FStar.UInt8.fst.hints
	Zulib\fstar\Zen.Array.Extracted.fst = Zulib\fstar\Zen.Array.Extracted.fst
	Zulib\fstar\Zen.Array.Extracted.fst.checked = Zulib\fstar\Zen.Array.Extracted.fst.checked
	Zulib\fstar\Zen.Array.Extracted.fst.hints = Zulib\fstar\Zen.Array.Extracted.fst.hints
	Zulib\fstar\Zen.Array.Realized.fsti = Zulib\fstar\Zen.Array.Realized.fsti
	Zulib\fstar\Zen.Array.Realized.fsti.checked = Zulib\fstar\Zen.Array.Realized.fsti.checked
	Zulib\fstar\Zen.Array.Realized.fsti.hints = Zulib\fstar\Zen.Array.Realized.fsti.hints
	Zulib\fstar\Zen.Array.fst = Zulib\fstar\Zen.Array.fst
	Zulib\fstar\Zen.Array.fst.checked = Zulib\fstar\Zen.Array.fst.checked
	Zulib\fstar\Zen.Array.fst.hints = Zulib\fstar\Zen.Array.fst.hints
	Zulib\fstar\Zen.Base.fst = Zulib\fstar\Zen.Base.fst
	Zulib\fstar\Zen.Base.fst.checked = Zulib\fstar\Zen.Base.fst.checked
	Zulib\fstar\Zen.Base.fst.hints = Zulib\fstar\Zen.Base.fst.hints
	Zulib\fstar\Zen.ByteArray.fst.hints = Zulib\fstar\Zen.ByteArray.fst.hints
	Zulib\fstar\Zen.Cost.Extracted.fst = Zulib\fstar\Zen.Cost.Extracted.fst
	Zulib\fstar\Zen.Cost.Extracted.fst.checked = Zulib\fstar\Zen.Cost.Extracted.fst.checked
	Zulib\fstar\Zen.Cost.Extracted.fst.hints = Zulib\fstar\Zen.Cost.Extracted.fst.hints
	Zulib\fstar\Zen.Cost.Realized.fst = Zulib\fstar\Zen.Cost.Realized.fst
	Zulib\fstar\Zen.Cost.Realized.fst.checked = Zulib\fstar\Zen.Cost.Realized.fst.checked
	Zulib\fstar\Zen.Cost.Realized.fst.hints = Zulib\fstar\Zen.Cost.Realized.fst.hints
	Zulib\fstar\Zen.Cost.fst = Zulib\fstar\Zen.Cost.fst
	Zulib\fstar\Zen.Cost.fst.checked = Zulib\fstar\Zen.Cost.fst.checked
	Zulib\fstar\Zen.Cost.fst.hints = Zulib\fstar\Zen.Cost.fst.hints
	Zulib\fstar\Zen.Crypto.fsti = Zulib\fstar\Zen.Crypto.fsti
	Zulib\fstar\Zen.Crypto.fsti.checked = Zulib\fstar\Zen.Crypto.fsti.checked
	Zulib\fstar\Zen.Crypto.fsti.hints = Zulib\fstar\Zen.Crypto.fsti.hints
	Zulib\fstar\Zen.Error.fst = Zulib\fstar\Zen.Error.fst
	Zulib\fstar\Zen.Error.fst.checked = Zulib\fstar\Zen.Error.fst.checked
	Zulib\fstar\Zen.Error.fst.hints = Zulib\fstar\Zen.Error.fst.hints
	Zulib\fstar\Zen.ErrorT.fst = Zulib\fstar\Zen.ErrorT.fst
	Zulib\fstar\Zen.ErrorT.fst.checked = Zulib\fstar\Zen.ErrorT.fst.checked
	Zulib\fstar\Zen.ErrorT.fst.hints = Zulib\fstar\Zen.ErrorT.fst.hints
	Zulib\fstar\Zen.Merkle.fsti = Zulib\fstar\Zen.Merkle.fsti
	Zulib\fstar\Zen.Merkle.fsti.checked = Zulib\fstar\Zen.Merkle.fsti.checked
	Zulib\fstar\Zen.Merkle.fsti.hints = Zulib\fstar\Zen.Merkle.fsti.hints
	Zulib\fstar\Zen.Option.fst = Zulib\fstar\Zen.Option.fst
	Zulib\fstar\Zen.Option.fst.checked = Zulib\fstar\Zen.Option.fst.checked
	Zulib\fstar\Zen.Option.fst.hints = Zulib\fstar\Zen.Option.fst.hints
	Zulib\fstar\Zen.OptionT.fst = Zulib\fstar\Zen.OptionT.fst
	Zulib\fstar\Zen.OptionT.fst.checked = Zulib\fstar\Zen.OptionT.fst.checked
	Zulib\fstar\Zen.OptionT.fst.hints = Zulib\fstar\Zen.OptionT.fst.hints
	Zulib\fstar\Zen.Sha3.Realized.fsti = Zulib\fstar\Zen.Sha3.Realized.fsti
	Zulib\fstar\Zen.Sha3.Realized.fsti.checked = Zulib\fstar\Zen.Sha3.Realized.fsti.checked
	Zulib\fstar\Zen.Sha3.Realized.fsti.hints = Zulib\fstar\Zen.Sha3.Realized.fsti.hints
	Zulib\fstar\Zen.Tuple.fst = Zulib\fstar\Zen.Tuple.fst
	Zulib\fstar\Zen.Tuple.fst.checked = Zulib\fstar\Zen.Tuple.fst.checked
	Zulib\fstar\Zen.Tuple.fst.hints = Zulib\fstar\Zen.Tuple.fst.hints
	Zulib\fstar\Zen.TupleT.fst = Zulib\fstar\Zen.TupleT.fst
	Zulib\fstar\Zen.TupleT.fst.checked = Zulib\fstar\Zen.TupleT.fst.checked
	Zulib\fstar\Zen.TupleT.fst.hints = Zulib\fstar\Zen.TupleT.fst.hints
	Zulib\fstar\Zen.Types.Extracted.fst = Zulib\fstar\Zen.Types.Extracted.fst
	Zulib\fstar\Zen.Types.Extracted.fst.checked = Zulib\fstar\Zen.Types.Extracted.fst.checked
	Zulib\fstar\Zen.Types.Extracted.fst.hints = Zulib\fstar\Zen.Types.Extracted.fst.hints
	Zulib\fstar\Zen.Types.Main.fst = Zulib\fstar\Zen.Types.Main.fst
	Zulib\fstar\Zen.Types.Main.fst.checked = Zulib\fstar\Zen.Types.Main.fst.checked
	Zulib\fstar\Zen.Types.Main.fst.hints = Zulib\fstar\Zen.Types.Main.fst.hints
	Zulib\fstar\Zen.Types.Realized.fsti = Zulib\fstar\Zen.Types.Realized.fsti
	Zulib\fstar\Zen.Types.Realized.fsti.checked = Zulib\fstar\Zen.Types.Realized.fsti.checked
	Zulib\fstar\Zen.Types.Realized.fsti.hints = Zulib\fstar\Zen.Types.Realized.fsti.hints
	Zulib\fstar\Zen.Types.TxSkeleton.fsti = Zulib\fstar\Zen.Types.TxSkeleton.fsti
	Zulib\fstar\Zen.Types.TxSkeleton.fsti.checked = Zulib\fstar\Zen.Types.TxSkeleton.fsti.checked
	Zulib\fstar\Zen.Types.TxSkeleton.fsti.hints = Zulib\fstar\Zen.Types.TxSkeleton.fsti.hints
	Zulib\fstar\Zen.Types.fst = Zulib\fstar\Zen.Types.fst
	Zulib\fstar\Zen.Types.fst.checked = Zulib\fstar\Zen.Types.fst.checked
	Zulib\fstar\Zen.Types.fst.hints = Zulib\fstar\Zen.Types.fst.hints
	Zulib\fstar\Zen.Util.fsti = Zulib\fstar\Zen.Util.fsti
	Zulib\fstar\Zen.Util.fsti.checked = Zulib\fstar\Zen.Util.fsti.checked
	Zulib\fstar\Zen.Util.fsti.hints = Zulib\fstar\Zen.Util.fsti.hints
	Zulib\fstar\Zen.Vector.fst = Zulib\fstar\Zen.Vector.fst
	Zulib\fstar\Zen.Vector.fst.checked = Zulib\fstar\Zen.Vector.fst.checked
	Zulib\fstar\Zen.Vector.fst.hints = Zulib\fstar\Zen.Vector.fst.hints
	Zulib\fstar\Zen.Types.Wallet.fsti = Zulib\fstar\Zen.Types.Wallet.fsti
	Zulib\fstar\prims.fst = Zulib\fstar\prims.fst
	Zulib\fstar\prims.fst.checked = Zulib\fstar\prims.fst.checked
	Zulib\fstar\prims.fst.hints = Zulib\fstar\prims.fst.hints
	Zulib\fstar\Zen.Assets.fsti = Zulib\fstar\Zen.Assets.fsti
	Zulib\fsharp\Realized\Zen.Assets.fs = Zulib\fsharp\Realized\Zen.Assets.fs
	Zulib\fsharp\Realized\Zen.Types.Wallet.fs = Zulib\fsharp\Realized\Zen.Types.Wallet.fs
EndProjectSection
EndProject
Global
	GlobalSection(SolutionConfigurationPlatforms) = preSolution
		Debug|Any CPU = Debug|Any CPU
		Release|Any CPU = Release|Any CPU
	EndGlobalSection
	GlobalSection(ProjectConfigurationPlatforms) = postSolution
		{5EC4457B-615A-4BBD-B3D5-D0E311B9D5E9}.Debug|Any CPU.ActiveCfg = Debug|Any CPU
		{5EC4457B-615A-4BBD-B3D5-D0E311B9D5E9}.Debug|Any CPU.Build.0 = Debug|Any CPU
		{5EC4457B-615A-4BBD-B3D5-D0E311B9D5E9}.Release|Any CPU.ActiveCfg = Release|Any CPU
		{5EC4457B-615A-4BBD-B3D5-D0E311B9D5E9}.Release|Any CPU.Build.0 = Release|Any CPU
		{B5E951FC-AE90-4EF1-9365-3E2B5A56B510}.Debug|Any CPU.ActiveCfg = Debug|Any CPU
		{B5E951FC-AE90-4EF1-9365-3E2B5A56B510}.Debug|Any CPU.Build.0 = Debug|Any CPU
		{B5E951FC-AE90-4EF1-9365-3E2B5A56B510}.Release|Any CPU.ActiveCfg = Release|Any CPU
		{B5E951FC-AE90-4EF1-9365-3E2B5A56B510}.Release|Any CPU.Build.0 = Release|Any CPU
		{81161F64-D019-422C-A3CF-321CDE6CA209}.Debug|Any CPU.ActiveCfg = Debug|Any CPU
		{81161F64-D019-422C-A3CF-321CDE6CA209}.Debug|Any CPU.Build.0 = Debug|Any CPU
		{81161F64-D019-422C-A3CF-321CDE6CA209}.Release|Any CPU.ActiveCfg = Release|Any CPU
		{81161F64-D019-422C-A3CF-321CDE6CA209}.Release|Any CPU.Build.0 = Release|Any CPU
		{44277422-32E3-4F1B-BD6D-153B7A621444}.Debug|Any CPU.ActiveCfg = Debug|Any CPU
		{44277422-32E3-4F1B-BD6D-153B7A621444}.Debug|Any CPU.Build.0 = Debug|Any CPU
		{44277422-32E3-4F1B-BD6D-153B7A621444}.Release|Any CPU.ActiveCfg = Release|Any CPU
		{44277422-32E3-4F1B-BD6D-153B7A621444}.Release|Any CPU.Build.0 = Release|Any CPU
		{9755DEA0-2931-486A-984A-0FAD1C44EDF7}.Debug|Any CPU.ActiveCfg = Debug|Any CPU
		{9755DEA0-2931-486A-984A-0FAD1C44EDF7}.Debug|Any CPU.Build.0 = Debug|Any CPU
		{9755DEA0-2931-486A-984A-0FAD1C44EDF7}.Release|Any CPU.ActiveCfg = Release|Any CPU
		{9755DEA0-2931-486A-984A-0FAD1C44EDF7}.Release|Any CPU.Build.0 = Release|Any CPU
		{16B10D81-C99E-4562-810C-9B637234C72D}.Debug|Any CPU.ActiveCfg = Debug|Any CPU
		{16B10D81-C99E-4562-810C-9B637234C72D}.Debug|Any CPU.Build.0 = Debug|Any CPU
		{16B10D81-C99E-4562-810C-9B637234C72D}.Release|Any CPU.ActiveCfg = Release|Any CPU
		{16B10D81-C99E-4562-810C-9B637234C72D}.Release|Any CPU.Build.0 = Release|Any CPU
		{8471EFE5-4B38-4969-AC2A-0BF64A031EBA}.Debug|Any CPU.ActiveCfg = Debug|Any CPU
		{8471EFE5-4B38-4969-AC2A-0BF64A031EBA}.Debug|Any CPU.Build.0 = Debug|Any CPU
		{8471EFE5-4B38-4969-AC2A-0BF64A031EBA}.Release|Any CPU.ActiveCfg = Release|Any CPU
		{8471EFE5-4B38-4969-AC2A-0BF64A031EBA}.Release|Any CPU.Build.0 = Release|Any CPU
		{0BE814E1-FD31-40B9-BD24-4572E3EF79C0}.Debug|Any CPU.ActiveCfg = Debug|Any CPU
		{0BE814E1-FD31-40B9-BD24-4572E3EF79C0}.Debug|Any CPU.Build.0 = Debug|Any CPU
		{0BE814E1-FD31-40B9-BD24-4572E3EF79C0}.Release|Any CPU.ActiveCfg = Release|Any CPU
		{0BE814E1-FD31-40B9-BD24-4572E3EF79C0}.Release|Any CPU.Build.0 = Release|Any CPU
		{BC871DA3-27D5-447D-A35E-D5DA8E8F9BC7}.Debug|Any CPU.ActiveCfg = Debug|Any CPU
		{BC871DA3-27D5-447D-A35E-D5DA8E8F9BC7}.Debug|Any CPU.Build.0 = Debug|Any CPU
		{BC871DA3-27D5-447D-A35E-D5DA8E8F9BC7}.Release|Any CPU.ActiveCfg = Release|Any CPU
		{BC871DA3-27D5-447D-A35E-D5DA8E8F9BC7}.Release|Any CPU.Build.0 = Release|Any CPU
		{F2AB0CFF-5137-4A1C-858A-D317181B29FE}.Debug|Any CPU.ActiveCfg = Debug|Any CPU
		{F2AB0CFF-5137-4A1C-858A-D317181B29FE}.Debug|Any CPU.Build.0 = Debug|Any CPU
		{F2AB0CFF-5137-4A1C-858A-D317181B29FE}.Release|Any CPU.ActiveCfg = Release|Any CPU
		{F2AB0CFF-5137-4A1C-858A-D317181B29FE}.Release|Any CPU.Build.0 = Release|Any CPU
		{289A59EB-D1D4-499F-87B9-F75B799829C0}.Debug|Any CPU.ActiveCfg = Debug|Any CPU
		{289A59EB-D1D4-499F-87B9-F75B799829C0}.Debug|Any CPU.Build.0 = Debug|Any CPU
		{289A59EB-D1D4-499F-87B9-F75B799829C0}.Release|Any CPU.ActiveCfg = Release|Any CPU
		{289A59EB-D1D4-499F-87B9-F75B799829C0}.Release|Any CPU.Build.0 = Release|Any CPU
		{B00B9A97-D059-434D-81B9-BDC5D07A7DDB}.Debug|Any CPU.ActiveCfg = Debug|Any CPU
		{B00B9A97-D059-434D-81B9-BDC5D07A7DDB}.Debug|Any CPU.Build.0 = Debug|Any CPU
		{B00B9A97-D059-434D-81B9-BDC5D07A7DDB}.Release|Any CPU.ActiveCfg = Release|Any CPU
		{B00B9A97-D059-434D-81B9-BDC5D07A7DDB}.Release|Any CPU.Build.0 = Release|Any CPU
		{890069D1-B830-4407-BE70-265647B318CE}.Debug|Any CPU.ActiveCfg = Debug|Any CPU
		{890069D1-B830-4407-BE70-265647B318CE}.Debug|Any CPU.Build.0 = Debug|Any CPU
		{890069D1-B830-4407-BE70-265647B318CE}.Release|Any CPU.ActiveCfg = Release|Any CPU
		{890069D1-B830-4407-BE70-265647B318CE}.Release|Any CPU.Build.0 = Release|Any CPU
		{058F4AA6-A889-4724-A96F-F947DE57B63A}.Debug|Any CPU.ActiveCfg = Debug|Any CPU
		{058F4AA6-A889-4724-A96F-F947DE57B63A}.Debug|Any CPU.Build.0 = Debug|Any CPU
		{058F4AA6-A889-4724-A96F-F947DE57B63A}.Release|Any CPU.ActiveCfg = Release|Any CPU
		{058F4AA6-A889-4724-A96F-F947DE57B63A}.Release|Any CPU.Build.0 = Release|Any CPU
		{9DF227BB-E98D-49D7-A33B-C0D5B170F430}.Debug|Any CPU.ActiveCfg = Debug|Any CPU
		{9DF227BB-E98D-49D7-A33B-C0D5B170F430}.Debug|Any CPU.Build.0 = Debug|Any CPU
		{9DF227BB-E98D-49D7-A33B-C0D5B170F430}.Release|Any CPU.ActiveCfg = Release|Any CPU
		{9DF227BB-E98D-49D7-A33B-C0D5B170F430}.Release|Any CPU.Build.0 = Release|Any CPU
		{26EE7861-DF8C-46EA-889B-0A585B687209}.Debug|Any CPU.ActiveCfg = Debug|Any CPU
		{26EE7861-DF8C-46EA-889B-0A585B687209}.Debug|Any CPU.Build.0 = Debug|Any CPU
		{CD83F0E5-0E3B-4582-924A-18DA50F4D7C7}.Debug|Any CPU.ActiveCfg = Debug|Any CPU
		{CD83F0E5-0E3B-4582-924A-18DA50F4D7C7}.Debug|Any CPU.Build.0 = Debug|Any CPU
		{CD83F0E5-0E3B-4582-924A-18DA50F4D7C7}.Release|Any CPU.ActiveCfg = Release|Any CPU
		{CD83F0E5-0E3B-4582-924A-18DA50F4D7C7}.Release|Any CPU.Build.0 = Release|Any CPU
	EndGlobalSection
	GlobalSection(SolutionProperties) = preSolution
		HideSolutionNode = FALSE
	EndGlobalSection
	GlobalSection(NestedProjects) = preSolution
		{B5E951FC-AE90-4EF1-9365-3E2B5A56B510} = {C58A477F-36B7-429C-AD06-87A465B47F1D}
		{0BE814E1-FD31-40B9-BD24-4572E3EF79C0} = {C58A477F-36B7-429C-AD06-87A465B47F1D}
		{B00B9A97-D059-434D-81B9-BDC5D07A7DDB} = {C58A477F-36B7-429C-AD06-87A465B47F1D}
		{890069D1-B830-4407-BE70-265647B318CE} = {C58A477F-36B7-429C-AD06-87A465B47F1D}
		{058F4AA6-A889-4724-A96F-F947DE57B63A} = {C58A477F-36B7-429C-AD06-87A465B47F1D}
		{9DF227BB-E98D-49D7-A33B-C0D5B170F430} = {C58A477F-36B7-429C-AD06-87A465B47F1D}
	EndGlobalSection
EndGlobal
